{
  "name": "design2",
  "version": "0.1.0",
  "lockfileVersion": 1,
  "requires": true,
  "dependencies": {
    "react-native-hamburger": {
      "version": "0.0.2",
      "resolved": "https://registry.npmjs.org/react-native-hamburger/-/react-native-hamburger-0.0.2.tgz",
      "integrity": "sha1-wevLjLCRKH4dz8E2Spfztz0gqbU="
    }
  }
}
